
Microsoft Visual Studio Solution File, Format Version 12.00
# Visual Studio 15
VisualStudioVersion = 15.0.28307.1259
MinimumVisualStudioVersion = 10.0.40219.1
Project("{8BC9CEB8-8B4A-11D0-8D11-00A0C91BC942}") = "linkedList", "linkedList\linkedList.vcxproj", "{195C568E-2ABC-44C2-B572-582DF805B371}"
EndProject
Project("{8BC9CEB8-8B4A-11D0-8D11-00A0C91BC942}") = "simpleVector", "simpleVector\simpleVector.vcxproj", "{7E2591AB-7AE1-49BF-B25E-6B137226E498}"
EndProject
Project("{8BC9CEB8-8B4A-11D0-8D11-00A0C91BC942}") = "sportsmans", "sportsmans\sportsmans.vcxproj", "{BC5246AB-FAE4-4DFC-90A6-B6F66E0DBF24}"
EndProject
Project("{8BC9CEB8-8B4A-11D0-8D11-00A0C91BC942}") = "stackVector", "stackVector\stackVector.vcxproj", "{38CA35A4-E5C4-465F-9773-EF0BED48B40E}"
EndProject
Project("{8BC9CEB8-8B4A-11D0-8D11-00A0C91BC942}") = "translator", "translator\translator.vcxproj", "{F5C2BAFC-1FDE-4A43-8EA2-790ECC017BF6}"
EndProject
Project("{8BC9CEB8-8B4A-11D0-8D11-00A0C91BC942}") = "airportCounter", "airportCounter\airportCounter.vcxproj", "{DF61E0FA-E54D-4528-BDAA-813D1F49F179}"
EndProject
Project("{8BC9CEB8-8B4A-11D0-8D11-00A0C91BC942}") = "groupHeavyStrings", "groupHeavyStrings\groupHeavyStrings.vcxproj", "{FB96EE9C-A266-494B-BB3F-058AD1E2CFD1}"
EndProject
Project("{8BC9CEB8-8B4A-11D0-8D11-00A0C91BC942}") = "splitIntoSentences", "splitIntoSentences\splitIntoSentences.vcxproj", "{ED9C9A98-384E-4356-A836-B8465FC91B18}"
EndProject
Global
	GlobalSection(SolutionConfigurationPlatforms) = preSolution
		Debug|x64 = Debug|x64
		Debug|x86 = Debug|x86
		Release|x64 = Release|x64
		Release|x86 = Release|x86
	EndGlobalSection
	GlobalSection(ProjectConfigurationPlatforms) = postSolution
		{195C568E-2ABC-44C2-B572-582DF805B371}.Debug|x64.ActiveCfg = Debug|x64
		{195C568E-2ABC-44C2-B572-582DF805B371}.Debug|x64.Build.0 = Debug|x64
		{195C568E-2ABC-44C2-B572-582DF805B371}.Debug|x86.ActiveCfg = Debug|Win32
		{195C568E-2ABC-44C2-B572-582DF805B371}.Release|x64.ActiveCfg = Release|x64
		{195C568E-2ABC-44C2-B572-582DF805B371}.Release|x64.Build.0 = Release|x64
		{195C568E-2ABC-44C2-B572-582DF805B371}.Release|x86.ActiveCfg = Release|Win32
		{195C568E-2ABC-44C2-B572-582DF805B371}.Release|x86.Build.0 = Release|Win32
		{7E2591AB-7AE1-49BF-B25E-6B137226E498}.Debug|x64.ActiveCfg = Debug|x64
		{7E2591AB-7AE1-49BF-B25E-6B137226E498}.Debug|x64.Build.0 = Debug|x64
		{7E2591AB-7AE1-49BF-B25E-6B137226E498}.Debug|x86.ActiveCfg = Debug|Win32
		{7E2591AB-7AE1-49BF-B25E-6B137226E498}.Release|x64.ActiveCfg = Release|x64
		{7E2591AB-7AE1-49BF-B25E-6B137226E498}.Release|x64.Build.0 = Release|x64
		{7E2591AB-7AE1-49BF-B25E-6B137226E498}.Release|x86.ActiveCfg = Release|Win32
		{7E2591AB-7AE1-49BF-B25E-6B137226E498}.Release|x86.Build.0 = Release|Win32
		{BC5246AB-FAE4-4DFC-90A6-B6F66E0DBF24}.Debug|x64.ActiveCfg = Debug|x64
		{BC5246AB-FAE4-4DFC-90A6-B6F66E0DBF24}.Debug|x64.Build.0 = Debug|x64
		{BC5246AB-FAE4-4DFC-90A6-B6F66E0DBF24}.Debug|x86.ActiveCfg = Debug|Win32
		{BC5246AB-FAE4-4DFC-90A6-B6F66E0DBF24}.Release|x64.ActiveCfg = Release|x64
		{BC5246AB-FAE4-4DFC-90A6-B6F66E0DBF24}.Release|x64.Build.0 = Release|x64
		{BC5246AB-FAE4-4DFC-90A6-B6F66E0DBF24}.Release|x86.ActiveCfg = Release|Win32
		{BC5246AB-FAE4-4DFC-90A6-B6F66E0DBF24}.Release|x86.Build.0 = Release|Win32
		{38CA35A4-E5C4-465F-9773-EF0BED48B40E}.Debug|x64.ActiveCfg = Debug|x64
		{38CA35A4-E5C4-465F-9773-EF0BED48B40E}.Debug|x64.Build.0 = Debug|x64
		{38CA35A4-E5C4-465F-9773-EF0BED48B40E}.Debug|x86.ActiveCfg = Debug|Win32
		{38CA35A4-E5C4-465F-9773-EF0BED48B40E}.Debug|x86.Build.0 = Debug|Win32
		{38CA35A4-E5C4-465F-9773-EF0BED48B40E}.Release|x64.ActiveCfg = Release|x64
		{38CA35A4-E5C4-465F-9773-EF0BED48B40E}.Release|x64.Build.0 = Release|x64
		{38CA35A4-E5C4-465F-9773-EF0BED48B40E}.Release|x86.ActiveCfg = Release|Win32
		{38CA35A4-E5C4-465F-9773-EF0BED48B40E}.Release|x86.Build.0 = Release|Win32
		{F5C2BAFC-1FDE-4A43-8EA2-790ECC017BF6}.Debug|x64.ActiveCfg = Debug|x64
		{F5C2BAFC-1FDE-4A43-8EA2-790ECC017BF6}.Debug|x64.Build.0 = Debug|x64
		{F5C2BAFC-1FDE-4A43-8EA2-790ECC017BF6}.Debug|x86.ActiveCfg = Debug|Win32
		{F5C2BAFC-1FDE-4A43-8EA2-790ECC017BF6}.Debug|x86.Build.0 = Debug|Win32
		{F5C2BAFC-1FDE-4A43-8EA2-790ECC017BF6}.Release|x64.ActiveCfg = Release|x64
		{F5C2BAFC-1FDE-4A43-8EA2-790ECC017BF6}.Release|x64.Build.0 = Release|x64
		{F5C2BAFC-1FDE-4A43-8EA2-790ECC017BF6}.Release|x86.ActiveCfg = Release|Win32
		{F5C2BAFC-1FDE-4A43-8EA2-790ECC017BF6}.Release|x86.Build.0 = Release|Win32
		{DF61E0FA-E54D-4528-BDAA-813D1F49F179}.Debug|x64.ActiveCfg = Debug|x64
		{DF61E0FA-E54D-4528-BDAA-813D1F49F179}.Debug|x64.Build.0 = Debug|x64
		{DF61E0FA-E54D-4528-BDAA-813D1F49F179}.Debug|x86.ActiveCfg = Debug|Win32
		{DF61E0FA-E54D-4528-BDAA-813D1F49F179}.Debug|x86.Build.0 = Debug|Win32
		{DF61E0FA-E54D-4528-BDAA-813D1F49F179}.Release|x64.ActiveCfg = Release|x64
		{DF61E0FA-E54D-4528-BDAA-813D1F49F179}.Release|x64.Build.0 = Release|x64
		{DF61E0FA-E54D-4528-BDAA-813D1F49F179}.Release|x86.ActiveCfg = Release|Win32
		{DF61E0FA-E54D-4528-BDAA-813D1F49F179}.Release|x86.Build.0 = Release|Win32
		{FB96EE9C-A266-494B-BB3F-058AD1E2CFD1}.Debug|x64.ActiveCfg = Debug|x64
		{FB96EE9C-A266-494B-BB3F-058AD1E2CFD1}.Debug|x64.Build.0 = Debug|x64
		{FB96EE9C-A266-494B-BB3F-058AD1E2CFD1}.Debug|x86.ActiveCfg = Debug|Win32
		{FB96EE9C-A266-494B-BB3F-058AD1E2CFD1}.Debug|x86.Build.0 = Debug|Win32
		{FB96EE9C-A266-494B-BB3F-058AD1E2CFD1}.Release|x64.ActiveCfg = Release|x64
		{FB96EE9C-A266-494B-BB3F-058AD1E2CFD1}.Release|x64.Build.0 = Release|x64
		{FB96EE9C-A266-494B-BB3F-058AD1E2CFD1}.Release|x86.ActiveCfg = Release|Win32
		{FB96EE9C-A266-494B-BB3F-058AD1E2CFD1}.Release|x86.Build.0 = Release|Win32
		{ED9C9A98-384E-4356-A836-B8465FC91B18}.Debug|x64.ActiveCfg = Debug|x64
		{ED9C9A98-384E-4356-A836-B8465FC91B18}.Debug|x64.Build.0 = Debug|x64
		{ED9C9A98-384E-4356-A836-B8465FC91B18}.Debug|x86.ActiveCfg = Debug|Win32
		{ED9C9A98-384E-4356-A836-B8465FC91B18}.Debug|x86.Build.0 = Debug|Win32
		{ED9C9A98-384E-4356-A836-B8465FC91B18}.Release|x64.ActiveCfg = Release|x64
		{ED9C9A98-384E-4356-A836-B8465FC91B18}.Release|x64.Build.0 = Release|x64
		{ED9C9A98-384E-4356-A836-B8465FC91B18}.Release|x86.ActiveCfg = Release|Win32
		{ED9C9A98-384E-4356-A836-B8465FC91B18}.Release|x86.Build.0 = Release|Win32
	EndGlobalSection
	GlobalSection(SolutionProperties) = preSolution
		HideSolutionNode = FALSE
	EndGlobalSection
	GlobalSection(ExtensibilityGlobals) = postSolution
		SolutionGuid = {F554BF86-47E8-4D02-A357-4F3B03CA2342}
	EndGlobalSection
EndGlobal
